
Microsoft Visual Studio Solution File, Format Version 12.00
# Visual Studio Version 17
VisualStudioVersion = 17.7.34031.279
MinimumVisualStudioVersion = 10.0.40219.1
Project("{FAE04EC0-301F-11D3-BF4B-00C04F79EFBC}") = "WinFormsApp32", "WinFormsApp32.csproj", "{7042C3CC-0047-4D15-84D2-1DB6435260ED}"
EndProject
Global
	GlobalSection(SolutionConfigurationPlatforms) = preSolution
		Debug|Any CPU = Debug|Any CPU
		Release|Any CPU = Release|Any CPU
	EndGlobalSection
	GlobalSection(ProjectConfigurationPlatforms) = postSolution
		{7042C3CC-0047-4D15-84D2-1DB6435260ED}.Debug|Any CPU.ActiveCfg = Debug|Any CPU
		{7042C3CC-0047-4D15-84D2-1DB6435260ED}.Debug|Any CPU.Build.0 = Debug|Any CPU
		{7042C3CC-0047-4D15-84D2-1DB6435260ED}.Release|Any CPU.ActiveCfg = Release|Any CPU
		{7042C3CC-0047-4D15-84D2-1DB6435260ED}.Release|Any CPU.Build.0 = Release|Any CPU
	EndGlobalSection
	GlobalSection(SolutionProperties) = preSolution
		HideSolutionNode = FALSE
	EndGlobalSection
	GlobalSection(ExtensibilityGlobals) = postSolution
		SolutionGuid = {31969BDA-4C22-4E04-95EB-BEC4D56C4C25}
	EndGlobalSection
EndGlobal
